# This file is autogenerated, do not edit; changes may be undone by the next 'dep ensure'.


[[projects]]
  name = "github.com/codemodus/sigmon"
  packages = ["."]
  revision = "e48e77a5db81e141e16e09a61e6da666b40c3b61"
  version = "v1.2.0"

[solve-meta]
  analyzer-name = "dep"
  analyzer-version = 1
  inputs-digest = "60566bb9bfd70f6c4862d8816498437d212d900393db742aa7e708a8b7e2b5c5"
  solver-name = "gps-cdcl"
  solver-version = 1
